
Microsoft Visual Studio Solution File, Format Version 12.00
# Visual Studio Version 16
VisualStudioVersion = 16.0.32228.343
MinimumVisualStudioVersion = 10.0.40219.1
Project("{9A19103F-16F7-4668-BE54-9A1E7A4F7556}") = "AZandMore", "AZandMore\AZandMore.csproj", "{6B0E7578-CE12-4179-A3C4-DBA3374E6853}"
EndProject
Global
	GlobalSection(SolutionConfigurationPlatforms) = preSolution
		Debug|Any CPU = Debug|Any CPU
		Release|Any CPU = Release|Any CPU
	EndGlobalSection
	GlobalSection(ProjectConfigurationPlatforms) = postSolution
		{6B0E7578-CE12-4179-A3C4-DBA3374E6853}.Debug|Any CPU.ActiveCfg = Debug|Any CPU
		{6B0E7578-CE12-4179-A3C4-DBA3374E6853}.Debug|Any CPU.Build.0 = Debug|Any CPU
		{6B0E7578-CE12-4179-A3C4-DBA3374E6853}.Release|Any CPU.ActiveCfg = Release|Any CPU
		{6B0E7578-CE12-4179-A3C4-DBA3374E6853}.Release|Any CPU.Build.0 = Release|Any CPU
	EndGlobalSection
	GlobalSection(SolutionProperties) = preSolution
		HideSolutionNode = FALSE
	EndGlobalSection
	GlobalSection(ExtensibilityGlobals) = postSolution
		SolutionGuid = {D8CCBF07-C3CB-475B-B3D3-3EBD9456793A}
	EndGlobalSection
EndGlobal
